{
  "requires": true,
  "lockfileVersion": 1,
  "dependencies": {
    "canvas-confetti": {
      "version": "1.4.0",
      "resolved": "https://registry.npmjs.org/canvas-confetti/-/canvas-confetti-1.4.0.tgz",
      "integrity": "sha512-S18o4Y9PqI/uabdlT/jI3MY7XBJjNxnfapFIkjkMwpz6qNxLFZOm2b22OMf4ZYDL9lpNWI+Ih4fEMVPwO1KHFQ=="
    }
  }
}
